
Microsoft Visual Studio Solution File, Format Version 12.00
# Visual Studio Version 17
VisualStudioVersion = 17.8.34322.80
MinimumVisualStudioVersion = 10.0.40219.1
Project("{9A19103F-16F7-4668-BE54-9A1E7A4F7556}") = "Web Api Practice", "Web Api Practice\Web Api Practice.csproj", "{D4C31657-6320-4BF6-B1F9-054B84CE9F21}"
EndProject
Project("{9A19103F-16F7-4668-BE54-9A1E7A4F7556}") = "Entities", "Entities\Entities.csproj", "{378494ED-5961-448E-88F1-26D309DF2B5F}"
EndProject
Project("{9A19103F-16F7-4668-BE54-9A1E7A4F7556}") = "WebApi.DAL", "WebApi.DAL\WebApi.DAL.csproj", "{A07FEC6D-46AA-4B53-9A75-F8A3EE92D119}"
EndProject
Project("{9A19103F-16F7-4668-BE54-9A1E7A4F7556}") = "DTOs", "DTOs\DTOs.csproj", "{1D6598BB-7F98-4050-B445-305A87645DA0}"
EndProject
Project("{FAE04EC0-301F-11D3-BF4B-00C04F79EFBC}") = "XUnitTestApi", "XUnitTestApi\XUnitTestApi.csproj", "{ED9EE678-626F-44BA-8898-7A466C853CEB}"
EndProject
Global
	GlobalSection(SolutionConfigurationPlatforms) = preSolution
		Debug|Any CPU = Debug|Any CPU
		Release|Any CPU = Release|Any CPU
	EndGlobalSection
	GlobalSection(ProjectConfigurationPlatforms) = postSolution
		{D4C31657-6320-4BF6-B1F9-054B84CE9F21}.Debug|Any CPU.ActiveCfg = Debug|Any CPU
		{D4C31657-6320-4BF6-B1F9-054B84CE9F21}.Debug|Any CPU.Build.0 = Debug|Any CPU
		{D4C31657-6320-4BF6-B1F9-054B84CE9F21}.Release|Any CPU.ActiveCfg = Release|Any CPU
		{D4C31657-6320-4BF6-B1F9-054B84CE9F21}.Release|Any CPU.Build.0 = Release|Any CPU
		{378494ED-5961-448E-88F1-26D309DF2B5F}.Debug|Any CPU.ActiveCfg = Debug|Any CPU
		{378494ED-5961-448E-88F1-26D309DF2B5F}.Debug|Any CPU.Build.0 = Debug|Any CPU
		{378494ED-5961-448E-88F1-26D309DF2B5F}.Release|Any CPU.ActiveCfg = Release|Any CPU
		{378494ED-5961-448E-88F1-26D309DF2B5F}.Release|Any CPU.Build.0 = Release|Any CPU
		{A07FEC6D-46AA-4B53-9A75-F8A3EE92D119}.Debug|Any CPU.ActiveCfg = Debug|Any CPU
		{A07FEC6D-46AA-4B53-9A75-F8A3EE92D119}.Debug|Any CPU.Build.0 = Debug|Any CPU
		{A07FEC6D-46AA-4B53-9A75-F8A3EE92D119}.Release|Any CPU.ActiveCfg = Release|Any CPU
		{A07FEC6D-46AA-4B53-9A75-F8A3EE92D119}.Release|Any CPU.Build.0 = Release|Any CPU
		{1D6598BB-7F98-4050-B445-305A87645DA0}.Debug|Any CPU.ActiveCfg = Debug|Any CPU
		{1D6598BB-7F98-4050-B445-305A87645DA0}.Debug|Any CPU.Build.0 = Debug|Any CPU
		{1D6598BB-7F98-4050-B445-305A87645DA0}.Release|Any CPU.ActiveCfg = Release|Any CPU
		{1D6598BB-7F98-4050-B445-305A87645DA0}.Release|Any CPU.Build.0 = Release|Any CPU
		{ED9EE678-626F-44BA-8898-7A466C853CEB}.Debug|Any CPU.ActiveCfg = Debug|Any CPU
		{ED9EE678-626F-44BA-8898-7A466C853CEB}.Debug|Any CPU.Build.0 = Debug|Any CPU
		{ED9EE678-626F-44BA-8898-7A466C853CEB}.Release|Any CPU.ActiveCfg = Release|Any CPU
		{ED9EE678-626F-44BA-8898-7A466C853CEB}.Release|Any CPU.Build.0 = Release|Any CPU
	EndGlobalSection
	GlobalSection(SolutionProperties) = preSolution
		HideSolutionNode = FALSE
	EndGlobalSection
	GlobalSection(ExtensibilityGlobals) = postSolution
		SolutionGuid = {446667C5-DD6C-4D12-B8AC-C1B5FD332384}
	EndGlobalSection
EndGlobal
